
Microsoft Visual Studio Solution File, Format Version 12.00
# Visual Studio Version 17
VisualStudioVersion = 17.7.34221.43
MinimumVisualStudioVersion = 10.0.40219.1
Project("{FAE04EC0-301F-11D3-BF4B-00C04F79EFBC}") = "FinalQuestion2", "FinalQuestion2.csproj", "{DB26413C-9281-4F3A-88F4-04401D05655E}"
EndProject
Global
	GlobalSection(SolutionConfigurationPlatforms) = preSolution
		Debug|Any CPU = Debug|Any CPU
		Release|Any CPU = Release|Any CPU
	EndGlobalSection
	GlobalSection(ProjectConfigurationPlatforms) = postSolution
		{DB26413C-9281-4F3A-88F4-04401D05655E}.Debug|Any CPU.ActiveCfg = Debug|Any CPU
		{DB26413C-9281-4F3A-88F4-04401D05655E}.Debug|Any CPU.Build.0 = Debug|Any CPU
		{DB26413C-9281-4F3A-88F4-04401D05655E}.Release|Any CPU.ActiveCfg = Release|Any CPU
		{DB26413C-9281-4F3A-88F4-04401D05655E}.Release|Any CPU.Build.0 = Release|Any CPU
	EndGlobalSection
	GlobalSection(SolutionProperties) = preSolution
		HideSolutionNode = FALSE
	EndGlobalSection
	GlobalSection(ExtensibilityGlobals) = postSolution
		SolutionGuid = {0E102A9D-8E24-41FA-B384-ED6F0BD5512C}
	EndGlobalSection
EndGlobal
