
Microsoft Visual Studio Solution File, Format Version 12.00
# Visual Studio Version 17
VisualStudioVersion = 17.7.34024.191
MinimumVisualStudioVersion = 10.0.40219.1
Project("{FAE04EC0-301F-11D3-BF4B-00C04F79EFBC}") = "UT1_BugSquash", "UT1_BugSquash.csproj", "{A99DBD3B-C1E4-4E5C-BDA3-71A786A36155}"
EndProject
Global
	GlobalSection(SolutionConfigurationPlatforms) = preSolution
		Debug|Any CPU = Debug|Any CPU
		Release|Any CPU = Release|Any CPU
	EndGlobalSection
	GlobalSection(ProjectConfigurationPlatforms) = postSolution
		{A99DBD3B-C1E4-4E5C-BDA3-71A786A36155}.Debug|Any CPU.ActiveCfg = Debug|Any CPU
		{A99DBD3B-C1E4-4E5C-BDA3-71A786A36155}.Debug|Any CPU.Build.0 = Debug|Any CPU
		{A99DBD3B-C1E4-4E5C-BDA3-71A786A36155}.Release|Any CPU.ActiveCfg = Release|Any CPU
		{A99DBD3B-C1E4-4E5C-BDA3-71A786A36155}.Release|Any CPU.Build.0 = Release|Any CPU
	EndGlobalSection
	GlobalSection(SolutionProperties) = preSolution
		HideSolutionNode = FALSE
	EndGlobalSection
	GlobalSection(ExtensibilityGlobals) = postSolution
		SolutionGuid = {40942BA0-5CEC-4017-B55F-58744867E4FB}
	EndGlobalSection
EndGlobal
